
Microsoft Visual Studio Solution File, Format Version 12.00
# Visual Studio Version 17
VisualStudioVersion = 17.14.37710.0 d17.14
MinimumVisualStudioVersion = 10.0.40219.1
Project("{FAE04EC0-301F-11D3-BF4B-00C04F79EFBC}") = "GamePicker", "GamePicker.csproj", "{927431B6-4D48-4BBF-9586-0769F3A41EAA}"
EndProject
Global
	GlobalSection(SolutionConfigurationPlatforms) = preSolution
		Debug|Any CPU = Debug|Any CPU
		Release|Any CPU = Release|Any CPU
	EndGlobalSection
	GlobalSection(ProjectConfigurationPlatforms) = postSolution
		{927431B6-4D48-4BBF-9586-0769F3A41EAA}.Debug|Any CPU.ActiveCfg = Debug|Any CPU
		{927431B6-4D48-4BBF-9586-0769F3A41EAA}.Debug|Any CPU.Build.0 = Debug|Any CPU
		{927431B6-4D48-4BBF-9586-0769F3A41EAA}.Release|Any CPU.ActiveCfg = Release|Any CPU
		{927431B6-4D48-4BBF-9586-0769F3A41EAA}.Release|Any CPU.Build.0 = Release|Any CPU
	EndGlobalSection
	GlobalSection(SolutionProperties) = preSolution
		HideSolutionNode = FALSE
	EndGlobalSection
	GlobalSection(ExtensibilityGlobals) = postSolution
		SolutionGuid = {ECD454A0-B923-4E2B-88DC-2D528FF762D0}
	EndGlobalSection
EndGlobal
